
Microsoft Visual Studio Solution File, Format Version 12.00
# Visual Studio 2013
VisualStudioVersion = 12.0.21005.1
MinimumVisualStudioVersion = 10.0.40219.1
Project("{FAE04EC0-301F-11D3-BF4B-00C04F79EFBC}") = "GASM", "GASM\GASM.csproj", "{52E64FD9-FA3B-4555-A271-6887CC83EB64}"
EndProject
Project("{FAE04EC0-301F-11D3-BF4B-00C04F79EFBC}") = "GASM_Library", "GASM_Library\GASM_Library.csproj", "{C02D2B5B-093C-4FD9-81D4-D31CCC85C078}"
EndProject
Project("{FAE04EC0-301F-11D3-BF4B-00C04F79EFBC}") = "Gemini_Simulator", "Gemini_Simulator\Gemini_Simulator.csproj", "{C573D8B8-3E55-4747-A219-88D77CE27699}"
EndProject
Global
	GlobalSection(SolutionConfigurationPlatforms) = preSolution
		Debug|Any CPU = Debug|Any CPU
		Release|Any CPU = Release|Any CPU
	EndGlobalSection
	GlobalSection(ProjectConfigurationPlatforms) = postSolution
		{52E64FD9-FA3B-4555-A271-6887CC83EB64}.Debug|Any CPU.ActiveCfg = Debug|Any CPU
		{52E64FD9-FA3B-4555-A271-6887CC83EB64}.Debug|Any CPU.Build.0 = Debug|Any CPU
		{52E64FD9-FA3B-4555-A271-6887CC83EB64}.Release|Any CPU.ActiveCfg = Release|Any CPU
		{52E64FD9-FA3B-4555-A271-6887CC83EB64}.Release|Any CPU.Build.0 = Release|Any CPU
		{C02D2B5B-093C-4FD9-81D4-D31CCC85C078}.Debug|Any CPU.ActiveCfg = Debug|Any CPU
		{C02D2B5B-093C-4FD9-81D4-D31CCC85C078}.Debug|Any CPU.Build.0 = Debug|Any CPU
		{C02D2B5B-093C-4FD9-81D4-D31CCC85C078}.Release|Any CPU.ActiveCfg = Release|Any CPU
		{C02D2B5B-093C-4FD9-81D4-D31CCC85C078}.Release|Any CPU.Build.0 = Release|Any CPU
		{C573D8B8-3E55-4747-A219-88D77CE27699}.Debug|Any CPU.ActiveCfg = Debug|Any CPU
		{C573D8B8-3E55-4747-A219-88D77CE27699}.Debug|Any CPU.Build.0 = Debug|Any CPU
		{C573D8B8-3E55-4747-A219-88D77CE27699}.Release|Any CPU.ActiveCfg = Release|Any CPU
		{C573D8B8-3E55-4747-A219-88D77CE27699}.Release|Any CPU.Build.0 = Release|Any CPU
	EndGlobalSection
	GlobalSection(SolutionProperties) = preSolution
		HideSolutionNode = FALSE
	EndGlobalSection
EndGlobal
